
Microsoft Visual Studio Solution File, Format Version 12.00
# Visual Studio Version 17
VisualStudioVersion = 17.0.31903.59
MinimumVisualStudioVersion = 10.0.40219.1
Project("{FAE04EC0-301F-11D3-BF4B-00C04F79EFBC}") = "API", "API\API.csproj", "{DED8C5BC-615F-4F38-8572-43980F83712E}"
EndProject
Global
	GlobalSection(SolutionConfigurationPlatforms) = preSolution
		Debug|Any CPU = Debug|Any CPU
		Release|Any CPU = Release|Any CPU
	EndGlobalSection
	GlobalSection(SolutionProperties) = preSolution
		HideSolutionNode = FALSE
	EndGlobalSection
	GlobalSection(ProjectConfigurationPlatforms) = postSolution
		{DED8C5BC-615F-4F38-8572-43980F83712E}.Debug|Any CPU.ActiveCfg = Debug|Any CPU
		{DED8C5BC-615F-4F38-8572-43980F83712E}.Debug|Any CPU.Build.0 = Debug|Any CPU
		{DED8C5BC-615F-4F38-8572-43980F83712E}.Release|Any CPU.ActiveCfg = Release|Any CPU
		{DED8C5BC-615F-4F38-8572-43980F83712E}.Release|Any CPU.Build.0 = Release|Any CPU
	EndGlobalSection
EndGlobal
